
Microsoft Visual Studio Solution File, Format Version 12.00
# Visual Studio Version 17
VisualStudioVersion = 17.1.32228.430
MinimumVisualStudioVersion = 10.0.40219.1
Project("{FAE04EC0-301F-11D3-BF4B-00C04F79EFBC}") = "DataStructures", "DataStructures\DataStructures.csproj", "{66D9493D-AC0B-4F57-93D7-77AABDFE8959}"
EndProject
Global
	GlobalSection(SolutionConfigurationPlatforms) = preSolution
		Debug|Any CPU = Debug|Any CPU
		Release|Any CPU = Release|Any CPU
	EndGlobalSection
	GlobalSection(ProjectConfigurationPlatforms) = postSolution
		{66D9493D-AC0B-4F57-93D7-77AABDFE8959}.Debug|Any CPU.ActiveCfg = Debug|Any CPU
		{66D9493D-AC0B-4F57-93D7-77AABDFE8959}.Debug|Any CPU.Build.0 = Debug|Any CPU
		{66D9493D-AC0B-4F57-93D7-77AABDFE8959}.Release|Any CPU.ActiveCfg = Release|Any CPU
		{66D9493D-AC0B-4F57-93D7-77AABDFE8959}.Release|Any CPU.Build.0 = Release|Any CPU
	EndGlobalSection
	GlobalSection(SolutionProperties) = preSolution
		HideSolutionNode = FALSE
	EndGlobalSection
	GlobalSection(ExtensibilityGlobals) = postSolution
		SolutionGuid = {5745AF20-6501-4023-929A-1EE8EED5D771}
	EndGlobalSection
EndGlobal
